
Microsoft Visual Studio Solution File, Format Version 12.00
# Visual Studio 14
VisualStudioVersion = 14.0.25123.0
MinimumVisualStudioVersion = 10.0.40219.1
Project("{FAE04EC0-301F-11D3-BF4B-00C04F79EFBC}") = "sharpbox.Io", "src\Io\sharpbox.Io\sharpbox.Io.csproj", "{7901DE70-170D-47F1-9FE5-37D4300EBF1A}"
EndProject
Project("{FAE04EC0-301F-11D3-BF4B-00C04F79EFBC}") = "sharpbox.Dispatch", "src\sharpbox.Dispatch\sharpbox.Dispatch.csproj", "{2985B13A-C07A-42B5-B293-697CA78A69BD}"
EndProject
Project("{2150E333-8FDC-42A3-9474-1A3956D46DE8}") = "src", "src", "{528C028D-4927-4A8C-9E89-6F7856EEA240}"
EndProject
Project("{2150E333-8FDC-42A3-9474-1A3956D46DE8}") = "Presentation", "Presentation", "{FD958131-0183-4EAD-9B55-AD1607B4B829}"
EndProject
Project("{FAE04EC0-301F-11D3-BF4B-00C04F79EFBC}") = "sharpbox.Cli", "src\sharpbox.Cli\sharpbox.Cli.csproj", "{E02A267E-2E9F-4BD0-A3DE-4C2859896BB4}"
EndProject
Project("{FAE04EC0-301F-11D3-BF4B-00C04F79EFBC}") = "sharpbox.Io.Strategy.Json", "src\Io\sharpbox.Io.Strategy.Json\sharpbox.Io.Strategy.Json.csproj", "{7ED001F0-F35E-4D67-B8B6-E7A4AC273D89}"
EndProject
Project("{FAE04EC0-301F-11D3-BF4B-00C04F79EFBC}") = "sharpbox.Io.Strategy.Xml", "src\Io\sharpbox.Io.Strategy.Xml\sharpbox.Io.Strategy.Xml.csproj", "{5A8EC892-FB5A-49B5-917E-A9DA51FABE4F}"
EndProject
Project("{FAE04EC0-301F-11D3-BF4B-00C04F79EFBC}") = "sharpbox.Io.Strategy.Binary", "src\Io\sharpbox.Io.Strategy.Binary\sharpbox.Io.Strategy.Binary.csproj", "{36073F41-F30E-4D74-A8B0-92A0A1FBD95C}"
EndProject
Project("{FAE04EC0-301F-11D3-BF4B-00C04F79EFBC}") = "sharpbox.Io.Strategy.DataContract", "src\Io\sharpbox.Io.Strategy.DataContract\sharpbox.Io.Strategy.DataContract.csproj", "{01C2CB7C-1E74-4923-972B-7775544B1CF9}"
EndProject
Project("{FAE04EC0-301F-11D3-BF4B-00C04F79EFBC}") = "sharpbox.Localization", "src\sharpbox.Localization\sharpbox.Localization.csproj", "{A24BB122-B3AE-4914-866D-E1D1EE0292D3}"
EndProject
Project("{2150E333-8FDC-42A3-9474-1A3956D46DE8}") = "Soultion Items", "Soultion Items", "{EAAF590B-05DC-4E53-9953-0C535E5F3447}"
	ProjectSection(SolutionItems) = preProject
		.gitignore = .gitignore
	EndProjectSection
EndProject
Project("{2150E333-8FDC-42A3-9474-1A3956D46DE8}") = "doc", "doc", "{3959B60F-8BC6-41F5-9EE6-EC4E0DE4D4BB}"
	ProjectSection(SolutionItems) = preProject
		Base.dgml = Base.dgml
		Overview.txt = Overview.txt
	EndProjectSection
EndProject
Project("{2150E333-8FDC-42A3-9474-1A3956D46DE8}") = "Core", "Core", "{600B1494-74D2-4E0A-A7ED-A0923B8931F2}"
EndProject
Project("{FAE04EC0-301F-11D3-BF4B-00C04F79EFBC}") = "sharpbox.Common", "src\sharpbox.Common\sharpbox.Common.csproj", "{BFA599EC-C550-43DD-A4D8-8868204F6896}"
EndProject
Project("{FAE04EC0-301F-11D3-BF4B-00C04F79EFBC}") = "sharpbox.App", "src\sharpbox.App\sharpbox.App.csproj", "{05593411-FBBF-4E14-8AD8-45C1DCE55BA9}"
EndProject
Project("{FAE04EC0-301F-11D3-BF4B-00C04F79EFBC}") = "sharpbox.Io.Strategy.Excel", "src\Io\sharpbox.Io.Strategy.Excel\sharpbox.Io.Strategy.Excel.csproj", "{FEDF9485-E725-4750-A898-C6E380D43D60}"
EndProject
Project("{FAE04EC0-301F-11D3-BF4B-00C04F79EFBC}") = "sharpbox.WebLibrary", "src\sharpbox.WebLibrary\sharpbox.WebLibrary.csproj", "{762A507F-3483-427C-882D-85E4762C4043}"
EndProject
Project("{FAE04EC0-301F-11D3-BF4B-00C04F79EFBC}") = "sharpbox.Log", "src\sharpbox.Log\sharpbox.Log.csproj", "{51F11548-12F2-43B3-88BA-CD060273F847}"
EndProject
Project("{2150E333-8FDC-42A3-9474-1A3956D46DE8}") = "Io", "Io", "{CEBC9D5F-C17D-464C-8D96-F8843F8D1AC4}"
EndProject
Project("{FAE04EC0-301F-11D3-BF4B-00C04F79EFBC}") = "sharpbox.Api", "src\sharpbox.Api\sharpbox.Api.csproj", "{95F76D97-F0FB-4265-82FC-C691E21C0991}"
EndProject
Project("{2150E333-8FDC-42A3-9474-1A3956D46DE8}") = "Test", "Test", "{6D00A6A4-C009-4B45-9D05-436893E13825}"
EndProject
Project("{FAE04EC0-301F-11D3-BF4B-00C04F79EFBC}") = "sharpbox.Dispatch.Tests", "src\Test\sharpbox.Dispatch.Tests\sharpbox.Dispatch.Tests.csproj", "{CDB3748F-9D4E-4BA7-8BCB-5E70B5BABFC5}"
EndProject
Global
	GlobalSection(SolutionConfigurationPlatforms) = preSolution
		Debug|Any CPU = Debug|Any CPU
		Release|Any CPU = Release|Any CPU
	EndGlobalSection
	GlobalSection(ProjectConfigurationPlatforms) = postSolution
		{7901DE70-170D-47F1-9FE5-37D4300EBF1A}.Debug|Any CPU.ActiveCfg = Debug|Any CPU
		{7901DE70-170D-47F1-9FE5-37D4300EBF1A}.Debug|Any CPU.Build.0 = Debug|Any CPU
		{7901DE70-170D-47F1-9FE5-37D4300EBF1A}.Release|Any CPU.ActiveCfg = Release|Any CPU
		{7901DE70-170D-47F1-9FE5-37D4300EBF1A}.Release|Any CPU.Build.0 = Release|Any CPU
		{2985B13A-C07A-42B5-B293-697CA78A69BD}.Debug|Any CPU.ActiveCfg = Debug|Any CPU
		{2985B13A-C07A-42B5-B293-697CA78A69BD}.Debug|Any CPU.Build.0 = Debug|Any CPU
		{2985B13A-C07A-42B5-B293-697CA78A69BD}.Release|Any CPU.ActiveCfg = Release|Any CPU
		{2985B13A-C07A-42B5-B293-697CA78A69BD}.Release|Any CPU.Build.0 = Release|Any CPU
		{E02A267E-2E9F-4BD0-A3DE-4C2859896BB4}.Debug|Any CPU.ActiveCfg = Debug|Any CPU
		{E02A267E-2E9F-4BD0-A3DE-4C2859896BB4}.Debug|Any CPU.Build.0 = Debug|Any CPU
		{E02A267E-2E9F-4BD0-A3DE-4C2859896BB4}.Release|Any CPU.ActiveCfg = Release|Any CPU
		{E02A267E-2E9F-4BD0-A3DE-4C2859896BB4}.Release|Any CPU.Build.0 = Release|Any CPU
		{7ED001F0-F35E-4D67-B8B6-E7A4AC273D89}.Debug|Any CPU.ActiveCfg = Debug|Any CPU
		{7ED001F0-F35E-4D67-B8B6-E7A4AC273D89}.Debug|Any CPU.Build.0 = Debug|Any CPU
		{7ED001F0-F35E-4D67-B8B6-E7A4AC273D89}.Release|Any CPU.ActiveCfg = Release|Any CPU
		{7ED001F0-F35E-4D67-B8B6-E7A4AC273D89}.Release|Any CPU.Build.0 = Release|Any CPU
		{5A8EC892-FB5A-49B5-917E-A9DA51FABE4F}.Debug|Any CPU.ActiveCfg = Debug|Any CPU
		{5A8EC892-FB5A-49B5-917E-A9DA51FABE4F}.Debug|Any CPU.Build.0 = Debug|Any CPU
		{5A8EC892-FB5A-49B5-917E-A9DA51FABE4F}.Release|Any CPU.ActiveCfg = Release|Any CPU
		{5A8EC892-FB5A-49B5-917E-A9DA51FABE4F}.Release|Any CPU.Build.0 = Release|Any CPU
		{36073F41-F30E-4D74-A8B0-92A0A1FBD95C}.Debug|Any CPU.ActiveCfg = Debug|Any CPU
		{36073F41-F30E-4D74-A8B0-92A0A1FBD95C}.Debug|Any CPU.Build.0 = Debug|Any CPU
		{36073F41-F30E-4D74-A8B0-92A0A1FBD95C}.Release|Any CPU.ActiveCfg = Release|Any CPU
		{36073F41-F30E-4D74-A8B0-92A0A1FBD95C}.Release|Any CPU.Build.0 = Release|Any CPU
		{01C2CB7C-1E74-4923-972B-7775544B1CF9}.Debug|Any CPU.ActiveCfg = Debug|Any CPU
		{01C2CB7C-1E74-4923-972B-7775544B1CF9}.Debug|Any CPU.Build.0 = Debug|Any CPU
		{01C2CB7C-1E74-4923-972B-7775544B1CF9}.Release|Any CPU.ActiveCfg = Release|Any CPU
		{01C2CB7C-1E74-4923-972B-7775544B1CF9}.Release|Any CPU.Build.0 = Release|Any CPU
		{A24BB122-B3AE-4914-866D-E1D1EE0292D3}.Debug|Any CPU.ActiveCfg = Debug|Any CPU
		{A24BB122-B3AE-4914-866D-E1D1EE0292D3}.Debug|Any CPU.Build.0 = Debug|Any CPU
		{A24BB122-B3AE-4914-866D-E1D1EE0292D3}.Release|Any CPU.ActiveCfg = Release|Any CPU
		{A24BB122-B3AE-4914-866D-E1D1EE0292D3}.Release|Any CPU.Build.0 = Release|Any CPU
		{BFA599EC-C550-43DD-A4D8-8868204F6896}.Debug|Any CPU.ActiveCfg = Debug|Any CPU
		{BFA599EC-C550-43DD-A4D8-8868204F6896}.Debug|Any CPU.Build.0 = Debug|Any CPU
		{BFA599EC-C550-43DD-A4D8-8868204F6896}.Release|Any CPU.ActiveCfg = Release|Any CPU
		{BFA599EC-C550-43DD-A4D8-8868204F6896}.Release|Any CPU.Build.0 = Release|Any CPU
		{05593411-FBBF-4E14-8AD8-45C1DCE55BA9}.Debug|Any CPU.ActiveCfg = Debug|Any CPU
		{05593411-FBBF-4E14-8AD8-45C1DCE55BA9}.Debug|Any CPU.Build.0 = Debug|Any CPU
		{05593411-FBBF-4E14-8AD8-45C1DCE55BA9}.Release|Any CPU.ActiveCfg = Release|Any CPU
		{05593411-FBBF-4E14-8AD8-45C1DCE55BA9}.Release|Any CPU.Build.0 = Release|Any CPU
		{FEDF9485-E725-4750-A898-C6E380D43D60}.Debug|Any CPU.ActiveCfg = Debug|Any CPU
		{FEDF9485-E725-4750-A898-C6E380D43D60}.Debug|Any CPU.Build.0 = Debug|Any CPU
		{FEDF9485-E725-4750-A898-C6E380D43D60}.Release|Any CPU.ActiveCfg = Release|Any CPU
		{FEDF9485-E725-4750-A898-C6E380D43D60}.Release|Any CPU.Build.0 = Release|Any CPU
		{762A507F-3483-427C-882D-85E4762C4043}.Debug|Any CPU.ActiveCfg = Debug|Any CPU
		{762A507F-3483-427C-882D-85E4762C4043}.Debug|Any CPU.Build.0 = Debug|Any CPU
		{762A507F-3483-427C-882D-85E4762C4043}.Release|Any CPU.ActiveCfg = Release|Any CPU
		{762A507F-3483-427C-882D-85E4762C4043}.Release|Any CPU.Build.0 = Release|Any CPU
		{51F11548-12F2-43B3-88BA-CD060273F847}.Debug|Any CPU.ActiveCfg = Debug|Any CPU
		{51F11548-12F2-43B3-88BA-CD060273F847}.Debug|Any CPU.Build.0 = Debug|Any CPU
		{51F11548-12F2-43B3-88BA-CD060273F847}.Release|Any CPU.ActiveCfg = Release|Any CPU
		{51F11548-12F2-43B3-88BA-CD060273F847}.Release|Any CPU.Build.0 = Release|Any CPU
		{95F76D97-F0FB-4265-82FC-C691E21C0991}.Debug|Any CPU.ActiveCfg = Debug|Any CPU
		{95F76D97-F0FB-4265-82FC-C691E21C0991}.Debug|Any CPU.Build.0 = Debug|Any CPU
		{95F76D97-F0FB-4265-82FC-C691E21C0991}.Release|Any CPU.ActiveCfg = Release|Any CPU
		{95F76D97-F0FB-4265-82FC-C691E21C0991}.Release|Any CPU.Build.0 = Release|Any CPU
		{CDB3748F-9D4E-4BA7-8BCB-5E70B5BABFC5}.Debug|Any CPU.ActiveCfg = Debug|Any CPU
		{CDB3748F-9D4E-4BA7-8BCB-5E70B5BABFC5}.Debug|Any CPU.Build.0 = Debug|Any CPU
		{CDB3748F-9D4E-4BA7-8BCB-5E70B5BABFC5}.Release|Any CPU.ActiveCfg = Release|Any CPU
		{CDB3748F-9D4E-4BA7-8BCB-5E70B5BABFC5}.Release|Any CPU.Build.0 = Release|Any CPU
	EndGlobalSection
	GlobalSection(SolutionProperties) = preSolution
		HideSolutionNode = FALSE
	EndGlobalSection
	GlobalSection(NestedProjects) = preSolution
		{7901DE70-170D-47F1-9FE5-37D4300EBF1A} = {CEBC9D5F-C17D-464C-8D96-F8843F8D1AC4}
		{2985B13A-C07A-42B5-B293-697CA78A69BD} = {600B1494-74D2-4E0A-A7ED-A0923B8931F2}
		{FD958131-0183-4EAD-9B55-AD1607B4B829} = {528C028D-4927-4A8C-9E89-6F7856EEA240}
		{E02A267E-2E9F-4BD0-A3DE-4C2859896BB4} = {FD958131-0183-4EAD-9B55-AD1607B4B829}
		{7ED001F0-F35E-4D67-B8B6-E7A4AC273D89} = {CEBC9D5F-C17D-464C-8D96-F8843F8D1AC4}
		{5A8EC892-FB5A-49B5-917E-A9DA51FABE4F} = {CEBC9D5F-C17D-464C-8D96-F8843F8D1AC4}
		{36073F41-F30E-4D74-A8B0-92A0A1FBD95C} = {CEBC9D5F-C17D-464C-8D96-F8843F8D1AC4}
		{01C2CB7C-1E74-4923-972B-7775544B1CF9} = {CEBC9D5F-C17D-464C-8D96-F8843F8D1AC4}
		{A24BB122-B3AE-4914-866D-E1D1EE0292D3} = {600B1494-74D2-4E0A-A7ED-A0923B8931F2}
		{600B1494-74D2-4E0A-A7ED-A0923B8931F2} = {528C028D-4927-4A8C-9E89-6F7856EEA240}
		{BFA599EC-C550-43DD-A4D8-8868204F6896} = {600B1494-74D2-4E0A-A7ED-A0923B8931F2}
		{05593411-FBBF-4E14-8AD8-45C1DCE55BA9} = {600B1494-74D2-4E0A-A7ED-A0923B8931F2}
		{FEDF9485-E725-4750-A898-C6E380D43D60} = {CEBC9D5F-C17D-464C-8D96-F8843F8D1AC4}
		{762A507F-3483-427C-882D-85E4762C4043} = {600B1494-74D2-4E0A-A7ED-A0923B8931F2}
		{51F11548-12F2-43B3-88BA-CD060273F847} = {600B1494-74D2-4E0A-A7ED-A0923B8931F2}
		{CEBC9D5F-C17D-464C-8D96-F8843F8D1AC4} = {600B1494-74D2-4E0A-A7ED-A0923B8931F2}
		{95F76D97-F0FB-4265-82FC-C691E21C0991} = {FD958131-0183-4EAD-9B55-AD1607B4B829}
		{6D00A6A4-C009-4B45-9D05-436893E13825} = {528C028D-4927-4A8C-9E89-6F7856EEA240}
		{CDB3748F-9D4E-4BA7-8BCB-5E70B5BABFC5} = {6D00A6A4-C009-4B45-9D05-436893E13825}
	EndGlobalSection
EndGlobal
