
Microsoft Visual Studio Solution File, Format Version 12.00
# Visual Studio 2013
VisualStudioVersion = 12.0.30723.0
MinimumVisualStudioVersion = 10.0.40219.1
Project("{FAE04EC0-301F-11D3-BF4B-00C04F79EFBC}") = "sharpbox", "sharpbox\sharpbox.csproj", "{5421FF47-83AE-4E05-80F0-368FD912D50A}"
EndProject
Project("{FAE04EC0-301F-11D3-BF4B-00C04F79EFBC}") = "sharpbox.Email", "sharpbox.Email\sharpbox.Email.csproj", "{793637E7-810E-44B7-820E-9E8577A79D4B}"
EndProject
Project("{FAE04EC0-301F-11D3-BF4B-00C04F79EFBC}") = "sharpbox.Audit", "sharpbox.Audit\sharpbox.Audit.csproj", "{92418361-E230-49F6-892F-691E41B2DB4C}"
EndProject
Project("{FAE04EC0-301F-11D3-BF4B-00C04F79EFBC}") = "sharpbox.Io", "sharpbox.Io\sharpbox.Io.csproj", "{7901DE70-170D-47F1-9FE5-37D4300EBF1A}"
EndProject
Project("{FAE04EC0-301F-11D3-BF4B-00C04F79EFBC}") = "sharpbox.Dispatch", "sharpbox.Dispatch\sharpbox.Dispatch.csproj", "{2985B13A-C07A-42B5-B293-697CA78A69BD}"
EndProject
Project("{2150E333-8FDC-42A3-9474-1A3956D46DE8}") = "src", "src", "{528C028D-4927-4A8C-9E89-6F7856EEA240}"
EndProject
Project("{2150E333-8FDC-42A3-9474-1A3956D46DE8}") = "Presentation", "Presentation", "{FD958131-0183-4EAD-9B55-AD1607B4B829}"
EndProject
Project("{FAE04EC0-301F-11D3-BF4B-00C04F79EFBC}") = "sharpbox.Cli", "sharpbox.Cli\sharpbox.Cli.csproj", "{E02A267E-2E9F-4BD0-A3DE-4C2859896BB4}"
EndProject
Project("{FAE04EC0-301F-11D3-BF4B-00C04F79EFBC}") = "sharpbox.Notification", "sharpbox.Notification\sharpbox.Notification.csproj", "{C5E1AB92-967C-467D-97C8-7B42CF3C2366}"
EndProject
Project("{FAE04EC0-301F-11D3-BF4B-00C04F79EFBC}") = "sharpbox.Io.Strategy.Json", "sharpbox.Io.Strategy.Json\sharpbox.Io.Strategy.Json.csproj", "{7ED001F0-F35E-4D67-B8B6-E7A4AC273D89}"
EndProject
Project("{FAE04EC0-301F-11D3-BF4B-00C04F79EFBC}") = "sharpbox.Io.Strategy.Xml", "sharpbox.Io.Strategy.Xml\sharpbox.Io.Strategy.Xml.csproj", "{5A8EC892-FB5A-49B5-917E-A9DA51FABE4F}"
EndProject
Project("{2150E333-8FDC-42A3-9474-1A3956D46DE8}") = "Strategies", "Strategies", "{5B470941-84E5-482A-AC79-F26CF280798C}"
EndProject
Project("{FAE04EC0-301F-11D3-BF4B-00C04F79EFBC}") = "sharpbox.Io.Strategy.Binary", "sharpbox.Io.Strategy.Binary\sharpbox.Io.Strategy.Binary.csproj", "{36073F41-F30E-4D74-A8B0-92A0A1FBD95C}"
EndProject
Project("{FAE04EC0-301F-11D3-BF4B-00C04F79EFBC}") = "sharpbox.Security", "sharpbox.Security\sharpbox.Security.csproj", "{CC785E7E-A11D-4EE0-A29C-379824AB590D}"
EndProject
Project("{FAE04EC0-301F-11D3-BF4B-00C04F79EFBC}") = "sharpbox.Security.Strategy.Crypto.DpApi", "sharpbox.Security.Strategy.Crypto.DpApi\sharpbox.Security.Strategy.Crypto.DpApi.csproj", "{2B912659-4231-45BA-8D8E-178F48A99BD5}"
EndProject
Project("{FAE04EC0-301F-11D3-BF4B-00C04F79EFBC}") = "sharpbox.Security.Strategy.Crypto.Pgp", "sharpbox.Security.Strategy.Crypto.Pgp\sharpbox.Security.Strategy.Crypto.Pgp.csproj", "{647C1853-3D98-4CDB-A041-984F0F29638B}"
EndProject
Project("{FAE04EC0-301F-11D3-BF4B-00C04F79EFBC}") = "sharpbox.Io.Strategy.DataContract", "sharpbox.Io.Strategy.DataContract\sharpbox.Io.Strategy.DataContract.csproj", "{01C2CB7C-1E74-4923-972B-7775544B1CF9}"
EndProject
Project("{FAE04EC0-301F-11D3-BF4B-00C04F79EFBC}") = "sharpbox.Localization", "sharpbox.Localization\sharpbox.Localization.csproj", "{A24BB122-B3AE-4914-866D-E1D1EE0292D3}"
EndProject
Project("{FAE04EC0-301F-11D3-BF4B-00C04F79EFBC}") = "sharpbox.Util", "sharpbox.Util\sharpbox.Util.csproj", "{15B019A3-9142-4220-B6DE-A75515B5E288}"
EndProject
Project("{FAE04EC0-301F-11D3-BF4B-00C04F79EFBC}") = "sharpbox.EfCodeFirst.Notification", "sharpbox.EfCodeFirst.Notification\sharpbox.EfCodeFirst.Notification.csproj", "{748974B9-C7A6-4B9E-A83C-F433BA1CDFBF}"
EndProject
Project("{2150E333-8FDC-42A3-9474-1A3956D46DE8}") = "Data", "Data", "{0CD46913-CDA0-4BFD-BECC-E9919B58CBD2}"
EndProject
Project("{FAE04EC0-301F-11D3-BF4B-00C04F79EFBC}") = "sharpbox.EfCodeFirst.Localization", "sharpbox.EfCodeFirst.Localization\sharpbox.EfCodeFirst.Localization.csproj", "{C279E7A9-BFC7-4A86-95C1-C367DBFA3B3C}"
EndProject
Project("{FAE04EC0-301F-11D3-BF4B-00C04F79EFBC}") = "sharpbox.EfCodeFirst.Audit", "sharpbox.EfCodeFirst.Audit\sharpbox.EfCodeFirst.Audit.csproj", "{5FCD76EF-5CA2-4D7C-BF0A-32FB6456EF7C}"
EndProject
Project("{FAE04EC0-301F-11D3-BF4B-00C04F79EFBC}") = "sharpbox.Membership", "sharpbox.Membership\sharpbox.Membership.csproj", "{5CDEDD58-84C8-4716-A6C1-9A89A927FFD1}"
EndProject
Project("{2150E333-8FDC-42A3-9474-1A3956D46DE8}") = "Soultion Items", "Soultion Items", "{EAAF590B-05DC-4E53-9953-0C535E5F3447}"
	ProjectSection(SolutionItems) = preProject
		.gitignore = .gitignore
	EndProjectSection
EndProject
Project("{2150E333-8FDC-42A3-9474-1A3956D46DE8}") = "test", "test", "{754B9D58-5E28-496D-B38A-0EBC1EBD28C7}"
EndProject
Project("{FAE04EC0-301F-11D3-BF4B-00C04F79EFBC}") = "sharpbox.TestHarness", "sharpbox.TestHarness\sharpbox.TestHarness.csproj", "{F326208D-013D-4167-894B-2C3682F4F1E5}"
EndProject
Project("{FAE04EC0-301F-11D3-BF4B-00C04F79EFBC}") = "sharpbox.EfCodeFirst.Membership", "sharpbox.EfCodeFirst.Membership\sharpbox.EfCodeFirst.Membership.csproj", "{C257E500-6403-4685-A1FB-276CF997E30C}"
EndProject
Project("{2150E333-8FDC-42A3-9474-1A3956D46DE8}") = "doc", "doc", "{3959B60F-8BC6-41F5-9EE6-EC4E0DE4D4BB}"
	ProjectSection(SolutionItems) = preProject
		Base.dgml = Base.dgml
		Overview.txt = Overview.txt
	EndProjectSection
EndProject
Project("{2150E333-8FDC-42A3-9474-1A3956D46DE8}") = "Core", "Core", "{600B1494-74D2-4E0A-A7ED-A0923B8931F2}"
EndProject
Project("{FAE04EC0-301F-11D3-BF4B-00C04F79EFBC}") = "sharpbox.Bootstrap", "sharpbox.Bootstrap\sharpbox.Bootstrap.csproj", "{57DE2593-B05B-4C35-9783-2916F8BD612A}"
EndProject
Project("{FAE04EC0-301F-11D3-BF4B-00C04F79EFBC}") = "sharpbox.Common", "sharpbox.Common\sharpbox.Common.csproj", "{BFA599EC-C550-43DD-A4D8-8868204F6896}"
EndProject
Project("{FAE04EC0-301F-11D3-BF4B-00C04F79EFBC}") = "sharpbox.App", "sharpbox.App\sharpbox.App.csproj", "{05593411-FBBF-4E14-8AD8-45C1DCE55BA9}"
EndProject
Project("{FAE04EC0-301F-11D3-BF4B-00C04F79EFBC}") = "sharpbox.EfCodeFirst.App", "sharpbox.EfCodeFirst.App\sharpbox.EfCodeFirst.App.csproj", "{AE8BB1F1-C9ED-4435-AA0E-048AAAAB427D}"
EndProject
Global
	GlobalSection(SolutionConfigurationPlatforms) = preSolution
		Debug|Any CPU = Debug|Any CPU
		Release|Any CPU = Release|Any CPU
	EndGlobalSection
	GlobalSection(ProjectConfigurationPlatforms) = postSolution
		{5421FF47-83AE-4E05-80F0-368FD912D50A}.Debug|Any CPU.ActiveCfg = Debug|Any CPU
		{5421FF47-83AE-4E05-80F0-368FD912D50A}.Debug|Any CPU.Build.0 = Debug|Any CPU
		{5421FF47-83AE-4E05-80F0-368FD912D50A}.Release|Any CPU.ActiveCfg = Release|Any CPU
		{5421FF47-83AE-4E05-80F0-368FD912D50A}.Release|Any CPU.Build.0 = Release|Any CPU
		{793637E7-810E-44B7-820E-9E8577A79D4B}.Debug|Any CPU.ActiveCfg = Debug|Any CPU
		{793637E7-810E-44B7-820E-9E8577A79D4B}.Debug|Any CPU.Build.0 = Debug|Any CPU
		{793637E7-810E-44B7-820E-9E8577A79D4B}.Release|Any CPU.ActiveCfg = Release|Any CPU
		{793637E7-810E-44B7-820E-9E8577A79D4B}.Release|Any CPU.Build.0 = Release|Any CPU
		{92418361-E230-49F6-892F-691E41B2DB4C}.Debug|Any CPU.ActiveCfg = Debug|Any CPU
		{92418361-E230-49F6-892F-691E41B2DB4C}.Debug|Any CPU.Build.0 = Debug|Any CPU
		{92418361-E230-49F6-892F-691E41B2DB4C}.Release|Any CPU.ActiveCfg = Release|Any CPU
		{92418361-E230-49F6-892F-691E41B2DB4C}.Release|Any CPU.Build.0 = Release|Any CPU
		{7901DE70-170D-47F1-9FE5-37D4300EBF1A}.Debug|Any CPU.ActiveCfg = Debug|Any CPU
		{7901DE70-170D-47F1-9FE5-37D4300EBF1A}.Debug|Any CPU.Build.0 = Debug|Any CPU
		{7901DE70-170D-47F1-9FE5-37D4300EBF1A}.Release|Any CPU.ActiveCfg = Release|Any CPU
		{7901DE70-170D-47F1-9FE5-37D4300EBF1A}.Release|Any CPU.Build.0 = Release|Any CPU
		{2985B13A-C07A-42B5-B293-697CA78A69BD}.Debug|Any CPU.ActiveCfg = Debug|Any CPU
		{2985B13A-C07A-42B5-B293-697CA78A69BD}.Debug|Any CPU.Build.0 = Debug|Any CPU
		{2985B13A-C07A-42B5-B293-697CA78A69BD}.Release|Any CPU.ActiveCfg = Release|Any CPU
		{2985B13A-C07A-42B5-B293-697CA78A69BD}.Release|Any CPU.Build.0 = Release|Any CPU
		{E02A267E-2E9F-4BD0-A3DE-4C2859896BB4}.Debug|Any CPU.ActiveCfg = Debug|Any CPU
		{E02A267E-2E9F-4BD0-A3DE-4C2859896BB4}.Debug|Any CPU.Build.0 = Debug|Any CPU
		{E02A267E-2E9F-4BD0-A3DE-4C2859896BB4}.Release|Any CPU.ActiveCfg = Release|Any CPU
		{E02A267E-2E9F-4BD0-A3DE-4C2859896BB4}.Release|Any CPU.Build.0 = Release|Any CPU
		{C5E1AB92-967C-467D-97C8-7B42CF3C2366}.Debug|Any CPU.ActiveCfg = Debug|Any CPU
		{C5E1AB92-967C-467D-97C8-7B42CF3C2366}.Debug|Any CPU.Build.0 = Debug|Any CPU
		{C5E1AB92-967C-467D-97C8-7B42CF3C2366}.Release|Any CPU.ActiveCfg = Release|Any CPU
		{C5E1AB92-967C-467D-97C8-7B42CF3C2366}.Release|Any CPU.Build.0 = Release|Any CPU
		{7ED001F0-F35E-4D67-B8B6-E7A4AC273D89}.Debug|Any CPU.ActiveCfg = Debug|Any CPU
		{7ED001F0-F35E-4D67-B8B6-E7A4AC273D89}.Debug|Any CPU.Build.0 = Debug|Any CPU
		{7ED001F0-F35E-4D67-B8B6-E7A4AC273D89}.Release|Any CPU.ActiveCfg = Release|Any CPU
		{7ED001F0-F35E-4D67-B8B6-E7A4AC273D89}.Release|Any CPU.Build.0 = Release|Any CPU
		{5A8EC892-FB5A-49B5-917E-A9DA51FABE4F}.Debug|Any CPU.ActiveCfg = Debug|Any CPU
		{5A8EC892-FB5A-49B5-917E-A9DA51FABE4F}.Debug|Any CPU.Build.0 = Debug|Any CPU
		{5A8EC892-FB5A-49B5-917E-A9DA51FABE4F}.Release|Any CPU.ActiveCfg = Release|Any CPU
		{5A8EC892-FB5A-49B5-917E-A9DA51FABE4F}.Release|Any CPU.Build.0 = Release|Any CPU
		{36073F41-F30E-4D74-A8B0-92A0A1FBD95C}.Debug|Any CPU.ActiveCfg = Debug|Any CPU
		{36073F41-F30E-4D74-A8B0-92A0A1FBD95C}.Debug|Any CPU.Build.0 = Debug|Any CPU
		{36073F41-F30E-4D74-A8B0-92A0A1FBD95C}.Release|Any CPU.ActiveCfg = Release|Any CPU
		{36073F41-F30E-4D74-A8B0-92A0A1FBD95C}.Release|Any CPU.Build.0 = Release|Any CPU
		{CC785E7E-A11D-4EE0-A29C-379824AB590D}.Debug|Any CPU.ActiveCfg = Debug|Any CPU
		{CC785E7E-A11D-4EE0-A29C-379824AB590D}.Debug|Any CPU.Build.0 = Debug|Any CPU
		{CC785E7E-A11D-4EE0-A29C-379824AB590D}.Release|Any CPU.ActiveCfg = Release|Any CPU
		{CC785E7E-A11D-4EE0-A29C-379824AB590D}.Release|Any CPU.Build.0 = Release|Any CPU
		{2B912659-4231-45BA-8D8E-178F48A99BD5}.Debug|Any CPU.ActiveCfg = Debug|Any CPU
		{2B912659-4231-45BA-8D8E-178F48A99BD5}.Debug|Any CPU.Build.0 = Debug|Any CPU
		{2B912659-4231-45BA-8D8E-178F48A99BD5}.Release|Any CPU.ActiveCfg = Release|Any CPU
		{2B912659-4231-45BA-8D8E-178F48A99BD5}.Release|Any CPU.Build.0 = Release|Any CPU
		{647C1853-3D98-4CDB-A041-984F0F29638B}.Debug|Any CPU.ActiveCfg = Debug|Any CPU
		{647C1853-3D98-4CDB-A041-984F0F29638B}.Debug|Any CPU.Build.0 = Debug|Any CPU
		{647C1853-3D98-4CDB-A041-984F0F29638B}.Release|Any CPU.ActiveCfg = Release|Any CPU
		{647C1853-3D98-4CDB-A041-984F0F29638B}.Release|Any CPU.Build.0 = Release|Any CPU
		{01C2CB7C-1E74-4923-972B-7775544B1CF9}.Debug|Any CPU.ActiveCfg = Debug|Any CPU
		{01C2CB7C-1E74-4923-972B-7775544B1CF9}.Debug|Any CPU.Build.0 = Debug|Any CPU
		{01C2CB7C-1E74-4923-972B-7775544B1CF9}.Release|Any CPU.ActiveCfg = Release|Any CPU
		{01C2CB7C-1E74-4923-972B-7775544B1CF9}.Release|Any CPU.Build.0 = Release|Any CPU
		{A24BB122-B3AE-4914-866D-E1D1EE0292D3}.Debug|Any CPU.ActiveCfg = Debug|Any CPU
		{A24BB122-B3AE-4914-866D-E1D1EE0292D3}.Debug|Any CPU.Build.0 = Debug|Any CPU
		{A24BB122-B3AE-4914-866D-E1D1EE0292D3}.Release|Any CPU.ActiveCfg = Release|Any CPU
		{A24BB122-B3AE-4914-866D-E1D1EE0292D3}.Release|Any CPU.Build.0 = Release|Any CPU
		{15B019A3-9142-4220-B6DE-A75515B5E288}.Debug|Any CPU.ActiveCfg = Debug|Any CPU
		{15B019A3-9142-4220-B6DE-A75515B5E288}.Debug|Any CPU.Build.0 = Debug|Any CPU
		{15B019A3-9142-4220-B6DE-A75515B5E288}.Release|Any CPU.ActiveCfg = Release|Any CPU
		{15B019A3-9142-4220-B6DE-A75515B5E288}.Release|Any CPU.Build.0 = Release|Any CPU
		{748974B9-C7A6-4B9E-A83C-F433BA1CDFBF}.Debug|Any CPU.ActiveCfg = Debug|Any CPU
		{748974B9-C7A6-4B9E-A83C-F433BA1CDFBF}.Debug|Any CPU.Build.0 = Debug|Any CPU
		{748974B9-C7A6-4B9E-A83C-F433BA1CDFBF}.Release|Any CPU.ActiveCfg = Release|Any CPU
		{748974B9-C7A6-4B9E-A83C-F433BA1CDFBF}.Release|Any CPU.Build.0 = Release|Any CPU
		{C279E7A9-BFC7-4A86-95C1-C367DBFA3B3C}.Debug|Any CPU.ActiveCfg = Debug|Any CPU
		{C279E7A9-BFC7-4A86-95C1-C367DBFA3B3C}.Debug|Any CPU.Build.0 = Debug|Any CPU
		{C279E7A9-BFC7-4A86-95C1-C367DBFA3B3C}.Release|Any CPU.ActiveCfg = Release|Any CPU
		{C279E7A9-BFC7-4A86-95C1-C367DBFA3B3C}.Release|Any CPU.Build.0 = Release|Any CPU
		{5FCD76EF-5CA2-4D7C-BF0A-32FB6456EF7C}.Debug|Any CPU.ActiveCfg = Debug|Any CPU
		{5FCD76EF-5CA2-4D7C-BF0A-32FB6456EF7C}.Debug|Any CPU.Build.0 = Debug|Any CPU
		{5FCD76EF-5CA2-4D7C-BF0A-32FB6456EF7C}.Release|Any CPU.ActiveCfg = Release|Any CPU
		{5FCD76EF-5CA2-4D7C-BF0A-32FB6456EF7C}.Release|Any CPU.Build.0 = Release|Any CPU
		{5CDEDD58-84C8-4716-A6C1-9A89A927FFD1}.Debug|Any CPU.ActiveCfg = Debug|Any CPU
		{5CDEDD58-84C8-4716-A6C1-9A89A927FFD1}.Debug|Any CPU.Build.0 = Debug|Any CPU
		{5CDEDD58-84C8-4716-A6C1-9A89A927FFD1}.Release|Any CPU.ActiveCfg = Release|Any CPU
		{5CDEDD58-84C8-4716-A6C1-9A89A927FFD1}.Release|Any CPU.Build.0 = Release|Any CPU
		{F326208D-013D-4167-894B-2C3682F4F1E5}.Debug|Any CPU.ActiveCfg = Debug|Any CPU
		{F326208D-013D-4167-894B-2C3682F4F1E5}.Debug|Any CPU.Build.0 = Debug|Any CPU
		{F326208D-013D-4167-894B-2C3682F4F1E5}.Release|Any CPU.ActiveCfg = Release|Any CPU
		{F326208D-013D-4167-894B-2C3682F4F1E5}.Release|Any CPU.Build.0 = Release|Any CPU
		{C257E500-6403-4685-A1FB-276CF997E30C}.Debug|Any CPU.ActiveCfg = Debug|Any CPU
		{C257E500-6403-4685-A1FB-276CF997E30C}.Debug|Any CPU.Build.0 = Debug|Any CPU
		{C257E500-6403-4685-A1FB-276CF997E30C}.Release|Any CPU.ActiveCfg = Release|Any CPU
		{C257E500-6403-4685-A1FB-276CF997E30C}.Release|Any CPU.Build.0 = Release|Any CPU
		{57DE2593-B05B-4C35-9783-2916F8BD612A}.Debug|Any CPU.ActiveCfg = Debug|Any CPU
		{57DE2593-B05B-4C35-9783-2916F8BD612A}.Debug|Any CPU.Build.0 = Debug|Any CPU
		{57DE2593-B05B-4C35-9783-2916F8BD612A}.Release|Any CPU.ActiveCfg = Release|Any CPU
		{57DE2593-B05B-4C35-9783-2916F8BD612A}.Release|Any CPU.Build.0 = Release|Any CPU
		{BFA599EC-C550-43DD-A4D8-8868204F6896}.Debug|Any CPU.ActiveCfg = Debug|Any CPU
		{BFA599EC-C550-43DD-A4D8-8868204F6896}.Debug|Any CPU.Build.0 = Debug|Any CPU
		{BFA599EC-C550-43DD-A4D8-8868204F6896}.Release|Any CPU.ActiveCfg = Release|Any CPU
		{BFA599EC-C550-43DD-A4D8-8868204F6896}.Release|Any CPU.Build.0 = Release|Any CPU
		{05593411-FBBF-4E14-8AD8-45C1DCE55BA9}.Debug|Any CPU.ActiveCfg = Debug|Any CPU
		{05593411-FBBF-4E14-8AD8-45C1DCE55BA9}.Debug|Any CPU.Build.0 = Debug|Any CPU
		{05593411-FBBF-4E14-8AD8-45C1DCE55BA9}.Release|Any CPU.ActiveCfg = Release|Any CPU
		{05593411-FBBF-4E14-8AD8-45C1DCE55BA9}.Release|Any CPU.Build.0 = Release|Any CPU
		{AE8BB1F1-C9ED-4435-AA0E-048AAAAB427D}.Debug|Any CPU.ActiveCfg = Debug|Any CPU
		{AE8BB1F1-C9ED-4435-AA0E-048AAAAB427D}.Debug|Any CPU.Build.0 = Debug|Any CPU
		{AE8BB1F1-C9ED-4435-AA0E-048AAAAB427D}.Release|Any CPU.ActiveCfg = Release|Any CPU
		{AE8BB1F1-C9ED-4435-AA0E-048AAAAB427D}.Release|Any CPU.Build.0 = Release|Any CPU
	EndGlobalSection
	GlobalSection(SolutionProperties) = preSolution
		HideSolutionNode = FALSE
	EndGlobalSection
	GlobalSection(NestedProjects) = preSolution
		{5421FF47-83AE-4E05-80F0-368FD912D50A} = {600B1494-74D2-4E0A-A7ED-A0923B8931F2}
		{793637E7-810E-44B7-820E-9E8577A79D4B} = {600B1494-74D2-4E0A-A7ED-A0923B8931F2}
		{92418361-E230-49F6-892F-691E41B2DB4C} = {600B1494-74D2-4E0A-A7ED-A0923B8931F2}
		{7901DE70-170D-47F1-9FE5-37D4300EBF1A} = {600B1494-74D2-4E0A-A7ED-A0923B8931F2}
		{2985B13A-C07A-42B5-B293-697CA78A69BD} = {600B1494-74D2-4E0A-A7ED-A0923B8931F2}
		{FD958131-0183-4EAD-9B55-AD1607B4B829} = {528C028D-4927-4A8C-9E89-6F7856EEA240}
		{E02A267E-2E9F-4BD0-A3DE-4C2859896BB4} = {FD958131-0183-4EAD-9B55-AD1607B4B829}
		{C5E1AB92-967C-467D-97C8-7B42CF3C2366} = {600B1494-74D2-4E0A-A7ED-A0923B8931F2}
		{7ED001F0-F35E-4D67-B8B6-E7A4AC273D89} = {5B470941-84E5-482A-AC79-F26CF280798C}
		{5A8EC892-FB5A-49B5-917E-A9DA51FABE4F} = {5B470941-84E5-482A-AC79-F26CF280798C}
		{5B470941-84E5-482A-AC79-F26CF280798C} = {600B1494-74D2-4E0A-A7ED-A0923B8931F2}
		{36073F41-F30E-4D74-A8B0-92A0A1FBD95C} = {5B470941-84E5-482A-AC79-F26CF280798C}
		{CC785E7E-A11D-4EE0-A29C-379824AB590D} = {600B1494-74D2-4E0A-A7ED-A0923B8931F2}
		{2B912659-4231-45BA-8D8E-178F48A99BD5} = {5B470941-84E5-482A-AC79-F26CF280798C}
		{647C1853-3D98-4CDB-A041-984F0F29638B} = {5B470941-84E5-482A-AC79-F26CF280798C}
		{01C2CB7C-1E74-4923-972B-7775544B1CF9} = {5B470941-84E5-482A-AC79-F26CF280798C}
		{A24BB122-B3AE-4914-866D-E1D1EE0292D3} = {600B1494-74D2-4E0A-A7ED-A0923B8931F2}
		{15B019A3-9142-4220-B6DE-A75515B5E288} = {600B1494-74D2-4E0A-A7ED-A0923B8931F2}
		{748974B9-C7A6-4B9E-A83C-F433BA1CDFBF} = {0CD46913-CDA0-4BFD-BECC-E9919B58CBD2}
		{0CD46913-CDA0-4BFD-BECC-E9919B58CBD2} = {528C028D-4927-4A8C-9E89-6F7856EEA240}
		{C279E7A9-BFC7-4A86-95C1-C367DBFA3B3C} = {0CD46913-CDA0-4BFD-BECC-E9919B58CBD2}
		{5FCD76EF-5CA2-4D7C-BF0A-32FB6456EF7C} = {0CD46913-CDA0-4BFD-BECC-E9919B58CBD2}
		{5CDEDD58-84C8-4716-A6C1-9A89A927FFD1} = {600B1494-74D2-4E0A-A7ED-A0923B8931F2}
		{F326208D-013D-4167-894B-2C3682F4F1E5} = {754B9D58-5E28-496D-B38A-0EBC1EBD28C7}
		{C257E500-6403-4685-A1FB-276CF997E30C} = {0CD46913-CDA0-4BFD-BECC-E9919B58CBD2}
		{600B1494-74D2-4E0A-A7ED-A0923B8931F2} = {528C028D-4927-4A8C-9E89-6F7856EEA240}
		{57DE2593-B05B-4C35-9783-2916F8BD612A} = {FD958131-0183-4EAD-9B55-AD1607B4B829}
		{BFA599EC-C550-43DD-A4D8-8868204F6896} = {600B1494-74D2-4E0A-A7ED-A0923B8931F2}
		{05593411-FBBF-4E14-8AD8-45C1DCE55BA9} = {600B1494-74D2-4E0A-A7ED-A0923B8931F2}
		{AE8BB1F1-C9ED-4435-AA0E-048AAAAB427D} = {0CD46913-CDA0-4BFD-BECC-E9919B58CBD2}
	EndGlobalSection
	GlobalSection(Performance) = preSolution
		HasPerformanceSessions = true
	EndGlobalSection
EndGlobal
